{
  "name": "ts-decorators-bug",
  "version": "0.0.0",
  "lockfileVersion": 2,
  "requires": true,
  "packages": {
    "": {
      "name": "ts-decorators-bug",
      "version": "0.0.0",
      "devDependencies": {
        "typescript": "^4.7.0-dev.20220422"
      }
    },
    "node_modules/typescript": {
      "version": "4.7.0-dev.20220422",
      "resolved": "https://registry.npmjs.org/typescript/-/typescript-4.7.0-dev.20220422.tgz",
      "integrity": "sha512-Kqw1BNhbhJ+Gvg+Mydh9mcb+hCHfoflVpA+H6pnSdcUxAT7kLMj+kna0IX35J1cHsogZolaiLKM8G3FJnZcURQ==",
      "dev": true,
      "bin": {
        "tsc": "bin/tsc",
        "tsserver": "bin/tsserver"
      },
      "engines": {
        "node": ">=4.2.0"
      }
    }
  },
  "dependencies": {
    "typescript": {
      "version": "4.7.0-dev.20220422",
      "resolved": "https://registry.npmjs.org/typescript/-/typescript-4.7.0-dev.20220422.tgz",
      "integrity": "sha512-Kqw1BNhbhJ+Gvg+Mydh9mcb+hCHfoflVpA+H6pnSdcUxAT7kLMj+kna0IX35J1cHsogZolaiLKM8G3FJnZcURQ==",
      "dev": true
    }
  }
}
